
Microsoft Visual Studio Solution File, Format Version 12.00
# Visual Studio Version 16
VisualStudioVersion = 16.0.31702.278
MinimumVisualStudioVersion = 10.0.40219.1
Project("{FAE04EC0-301F-11D3-BF4B-00C04F79EFBC}") = "Calculo_Media", "Calculo_Media\Calculo_Media.csproj", "{2712A120-83E6-4213-A3C7-E0690DE1E42C}"
EndProject
Global
	GlobalSection(SolutionConfigurationPlatforms) = preSolution
		Debug|Any CPU = Debug|Any CPU
		Release|Any CPU = Release|Any CPU
	EndGlobalSection
	GlobalSection(ProjectConfigurationPlatforms) = postSolution
		{2712A120-83E6-4213-A3C7-E0690DE1E42C}.Debug|Any CPU.ActiveCfg = Debug|Any CPU
		{2712A120-83E6-4213-A3C7-E0690DE1E42C}.Debug|Any CPU.Build.0 = Debug|Any CPU
		{2712A120-83E6-4213-A3C7-E0690DE1E42C}.Release|Any CPU.ActiveCfg = Release|Any CPU
		{2712A120-83E6-4213-A3C7-E0690DE1E42C}.Release|Any CPU.Build.0 = Release|Any CPU
	EndGlobalSection
	GlobalSection(SolutionProperties) = preSolution
		HideSolutionNode = FALSE
	EndGlobalSection
	GlobalSection(ExtensibilityGlobals) = postSolution
		SolutionGuid = {417E9F63-FD54-438C-9A2F-DF0F1FD2DF19}
	EndGlobalSection
EndGlobal
